
Microsoft Visual Studio Solution File, Format Version 12.00
# Visual Studio 15
VisualStudioVersion = 15.0.27004.2002
MinimumVisualStudioVersion = 10.0.40219.1
Project("{FAE04EC0-301F-11D3-BF4B-00C04F79EFBC}") = "Kolsarici.Transformatters.Entities", "Kolsarici.Transformatters.Entities\Kolsarici.Transformatters.Entities.csproj", "{93BA6FCD-1CA9-4E1C-84ED-0B9122D20B07}"
EndProject
Project("{FAE04EC0-301F-11D3-BF4B-00C04F79EFBC}") = "Kolsarici.Transformatters.Business", "Kolsarici.Transformatters.Business\Kolsarici.Transformatters.Business.csproj", "{D9F792FC-16B7-4C6A-8139-004B6A585149}"
EndProject
Project("{FAE04EC0-301F-11D3-BF4B-00C04F79EFBC}") = "Kolsarici.Transformatters.MvcWebUI", "Kolsarici.Transformatters.MvcWebUI\Kolsarici.Transformatters.MvcWebUI.csproj", "{B80C5549-830E-4BFE-B4EA-7409D776996C}"
EndProject
Project("{FAE04EC0-301F-11D3-BF4B-00C04F79EFBC}") = "Kolsarici.Core", "Kolsarici.Core\Kolsarici.Core.csproj", "{C4EB6BC2-F2F2-40E6-82F6-D1615F3466B3}"
EndProject
Global
	GlobalSection(SolutionConfigurationPlatforms) = preSolution
		Debug|Any CPU = Debug|Any CPU
		Release|Any CPU = Release|Any CPU
	EndGlobalSection
	GlobalSection(ProjectConfigurationPlatforms) = postSolution
		{93BA6FCD-1CA9-4E1C-84ED-0B9122D20B07}.Debug|Any CPU.ActiveCfg = Debug|Any CPU
		{93BA6FCD-1CA9-4E1C-84ED-0B9122D20B07}.Debug|Any CPU.Build.0 = Debug|Any CPU
		{93BA6FCD-1CA9-4E1C-84ED-0B9122D20B07}.Release|Any CPU.ActiveCfg = Release|Any CPU
		{93BA6FCD-1CA9-4E1C-84ED-0B9122D20B07}.Release|Any CPU.Build.0 = Release|Any CPU
		{D9F792FC-16B7-4C6A-8139-004B6A585149}.Debug|Any CPU.ActiveCfg = Debug|Any CPU
		{D9F792FC-16B7-4C6A-8139-004B6A585149}.Debug|Any CPU.Build.0 = Debug|Any CPU
		{D9F792FC-16B7-4C6A-8139-004B6A585149}.Release|Any CPU.ActiveCfg = Release|Any CPU
		{D9F792FC-16B7-4C6A-8139-004B6A585149}.Release|Any CPU.Build.0 = Release|Any CPU
		{B80C5549-830E-4BFE-B4EA-7409D776996C}.Debug|Any CPU.ActiveCfg = Debug|Any CPU
		{B80C5549-830E-4BFE-B4EA-7409D776996C}.Debug|Any CPU.Build.0 = Debug|Any CPU
		{B80C5549-830E-4BFE-B4EA-7409D776996C}.Release|Any CPU.ActiveCfg = Release|Any CPU
		{B80C5549-830E-4BFE-B4EA-7409D776996C}.Release|Any CPU.Build.0 = Release|Any CPU
		{C4EB6BC2-F2F2-40E6-82F6-D1615F3466B3}.Debug|Any CPU.ActiveCfg = Debug|Any CPU
		{C4EB6BC2-F2F2-40E6-82F6-D1615F3466B3}.Debug|Any CPU.Build.0 = Debug|Any CPU
		{C4EB6BC2-F2F2-40E6-82F6-D1615F3466B3}.Release|Any CPU.ActiveCfg = Release|Any CPU
		{C4EB6BC2-F2F2-40E6-82F6-D1615F3466B3}.Release|Any CPU.Build.0 = Release|Any CPU
	EndGlobalSection
	GlobalSection(SolutionProperties) = preSolution
		HideSolutionNode = FALSE
	EndGlobalSection
	GlobalSection(ExtensibilityGlobals) = postSolution
		SolutionGuid = {4301745B-3A65-40C3-B089-206F6E43F9BF}
	EndGlobalSection
EndGlobal
